Microsoft Visual Studio Solution File, Format Version 12.00
# Visual Studio 2012
Project("{FAE04EC0-301F-11D3-BF4B-00C04F79EFBC}") = "nappinger", "nappinger.csproj", "{C3F5421A-F17D-4DF6-85D8-6A0FE1EC7EEC}"
EndProject
Global
	GlobalSection(SolutionConfigurationPlatforms) = preSolution
	Debug|Any CPU = Debug|Any CPU
	ExportDebug|Any CPU = ExportDebug|Any CPU
	ExportRelease|Any CPU = ExportRelease|Any CPU
	EndGlobalSection
	GlobalSection(ProjectConfigurationPlatforms) = postSolution
		{C3F5421A-F17D-4DF6-85D8-6A0FE1EC7EEC}.Debug|Any CPU.ActiveCfg = Debug|Any CPU
		{C3F5421A-F17D-4DF6-85D8-6A0FE1EC7EEC}.Debug|Any CPU.Build.0 = Debug|Any CPU
		{C3F5421A-F17D-4DF6-85D8-6A0FE1EC7EEC}.ExportDebug|Any CPU.ActiveCfg = ExportDebug|Any CPU
		{C3F5421A-F17D-4DF6-85D8-6A0FE1EC7EEC}.ExportDebug|Any CPU.Build.0 = ExportDebug|Any CPU
		{C3F5421A-F17D-4DF6-85D8-6A0FE1EC7EEC}.ExportRelease|Any CPU.ActiveCfg = ExportRelease|Any CPU
		{C3F5421A-F17D-4DF6-85D8-6A0FE1EC7EEC}.ExportRelease|Any CPU.Build.0 = ExportRelease|Any CPU
	EndGlobalSection
EndGlobal
